
Microsoft Visual Studio Solution File, Format Version 12.00
# Visual Studio Version 16
VisualStudioVersion = 16.0.31515.178
MinimumVisualStudioVersion = 10.0.40219.1
Project("{2150E333-8FDC-42A3-9474-1A3956D46DE8}") = "Src", "Src", "{007A868A-B3C5-4F8C-889D-1A2045079A3D}"
EndProject
Project("{2150E333-8FDC-42A3-9474-1A3956D46DE8}") = "Tests", "Tests", "{3AC6918C-EA55-400B-BCED-F39DB505A456}"
EndProject
Project("{2150E333-8FDC-42A3-9474-1A3956D46DE8}") = "1 - Presentation", "1 - Presentation", "{20954F18-CECF-4907-B4AE-93DF3A394D4D}"
EndProject
Project("{2150E333-8FDC-42A3-9474-1A3956D46DE8}") = "2 - Core", "2 - Core", "{22B7B2B8-FE7A-4F01-8F5D-77F336ADB52D}"
EndProject
Project("{2150E333-8FDC-42A3-9474-1A3956D46DE8}") = "3 - Infrastructure", "3 - Infrastructure", "{F78E2A2C-CD18-4522-BBB1-DBF6275DEE1C}"
EndProject
Project("{9A19103F-16F7-4668-BE54-9A1E7A4F7556}") = "Domain", "Domain\Domain.csproj", "{93DDE825-797E-4790-AB61-4E90540B154A}"
EndProject
Project("{9A19103F-16F7-4668-BE54-9A1E7A4F7556}") = "Application", "Application\Application.csproj", "{518BCC4A-F9A1-442B-8654-D3D58E7F862C}"
EndProject
Project("{9A19103F-16F7-4668-BE54-9A1E7A4F7556}") = "Infrastructure", "Infrastructure\Infrastructure.csproj", "{373DD81D-E5F1-4769-8BAF-C9A0A7698012}"
EndProject
Project("{9A19103F-16F7-4668-BE54-9A1E7A4F7556}") = "Persistence", "Persistence\Persistence.csproj", "{8CD84D23-D3F8-4D60-B233-16A6EB6370CD}"
EndProject
Project("{9A19103F-16F7-4668-BE54-9A1E7A4F7556}") = "WebAPI", "WebAPI\WebAPI.csproj", "{9EB87804-F134-4DE5-AB2C-FC3932BB12DD}"
EndProject
Project("{9A19103F-16F7-4668-BE54-9A1E7A4F7556}") = "Common", "Common\Common.csproj", "{FE809204-8F89-4A12-9612-741D95437CB9}"
EndProject
Project("{9A19103F-16F7-4668-BE54-9A1E7A4F7556}") = "Domain.UnitTests", "Domain.UnitTests\Domain.UnitTests.csproj", "{B80DE20B-8BFC-438B-BE6E-A5992EF21004}"
EndProject
Project("{9A19103F-16F7-4668-BE54-9A1E7A4F7556}") = "Application.UnitTests", "Application.UnitTests\Application.UnitTests.csproj", "{AF2ECC17-4B58-429F-8BF5-369725B01874}"
EndProject
Global
	GlobalSection(SolutionConfigurationPlatforms) = preSolution
		Debug|Any CPU = Debug|Any CPU
		Release|Any CPU = Release|Any CPU
	EndGlobalSection
	GlobalSection(ProjectConfigurationPlatforms) = postSolution
		{93DDE825-797E-4790-AB61-4E90540B154A}.Debug|Any CPU.ActiveCfg = Debug|Any CPU
		{93DDE825-797E-4790-AB61-4E90540B154A}.Debug|Any CPU.Build.0 = Debug|Any CPU
		{93DDE825-797E-4790-AB61-4E90540B154A}.Release|Any CPU.ActiveCfg = Release|Any CPU
		{93DDE825-797E-4790-AB61-4E90540B154A}.Release|Any CPU.Build.0 = Release|Any CPU
		{518BCC4A-F9A1-442B-8654-D3D58E7F862C}.Debug|Any CPU.ActiveCfg = Debug|Any CPU
		{518BCC4A-F9A1-442B-8654-D3D58E7F862C}.Debug|Any CPU.Build.0 = Debug|Any CPU
		{518BCC4A-F9A1-442B-8654-D3D58E7F862C}.Release|Any CPU.ActiveCfg = Release|Any CPU
		{518BCC4A-F9A1-442B-8654-D3D58E7F862C}.Release|Any CPU.Build.0 = Release|Any CPU
		{373DD81D-E5F1-4769-8BAF-C9A0A7698012}.Debug|Any CPU.ActiveCfg = Debug|Any CPU
		{373DD81D-E5F1-4769-8BAF-C9A0A7698012}.Debug|Any CPU.Build.0 = Debug|Any CPU
		{373DD81D-E5F1-4769-8BAF-C9A0A7698012}.Release|Any CPU.ActiveCfg = Release|Any CPU
		{373DD81D-E5F1-4769-8BAF-C9A0A7698012}.Release|Any CPU.Build.0 = Release|Any CPU
		{8CD84D23-D3F8-4D60-B233-16A6EB6370CD}.Debug|Any CPU.ActiveCfg = Debug|Any CPU
		{8CD84D23-D3F8-4D60-B233-16A6EB6370CD}.Debug|Any CPU.Build.0 = Debug|Any CPU
		{8CD84D23-D3F8-4D60-B233-16A6EB6370CD}.Release|Any CPU.ActiveCfg = Release|Any CPU
		{8CD84D23-D3F8-4D60-B233-16A6EB6370CD}.Release|Any CPU.Build.0 = Release|Any CPU
		{9EB87804-F134-4DE5-AB2C-FC3932BB12DD}.Debug|Any CPU.ActiveCfg = Debug|Any CPU
		{9EB87804-F134-4DE5-AB2C-FC3932BB12DD}.Debug|Any CPU.Build.0 = Debug|Any CPU
		{9EB87804-F134-4DE5-AB2C-FC3932BB12DD}.Release|Any CPU.ActiveCfg = Release|Any CPU
		{9EB87804-F134-4DE5-AB2C-FC3932BB12DD}.Release|Any CPU.Build.0 = Release|Any CPU
		{FE809204-8F89-4A12-9612-741D95437CB9}.Debug|Any CPU.ActiveCfg = Debug|Any CPU
		{FE809204-8F89-4A12-9612-741D95437CB9}.Debug|Any CPU.Build.0 = Debug|Any CPU
		{FE809204-8F89-4A12-9612-741D95437CB9}.Release|Any CPU.ActiveCfg = Release|Any CPU
		{FE809204-8F89-4A12-9612-741D95437CB9}.Release|Any CPU.Build.0 = Release|Any CPU
		{B80DE20B-8BFC-438B-BE6E-A5992EF21004}.Debug|Any CPU.ActiveCfg = Debug|Any CPU
		{B80DE20B-8BFC-438B-BE6E-A5992EF21004}.Debug|Any CPU.Build.0 = Debug|Any CPU
		{B80DE20B-8BFC-438B-BE6E-A5992EF21004}.Release|Any CPU.ActiveCfg = Release|Any CPU
		{B80DE20B-8BFC-438B-BE6E-A5992EF21004}.Release|Any CPU.Build.0 = Release|Any CPU
		{AF2ECC17-4B58-429F-8BF5-369725B01874}.Debug|Any CPU.ActiveCfg = Debug|Any CPU
		{AF2ECC17-4B58-429F-8BF5-369725B01874}.Debug|Any CPU.Build.0 = Debug|Any CPU
		{AF2ECC17-4B58-429F-8BF5-369725B01874}.Release|Any CPU.ActiveCfg = Release|Any CPU
		{AF2ECC17-4B58-429F-8BF5-369725B01874}.Release|Any CPU.Build.0 = Release|Any CPU
	EndGlobalSection
	GlobalSection(SolutionProperties) = preSolution
		HideSolutionNode = FALSE
	EndGlobalSection
	GlobalSection(NestedProjects) = preSolution
		{20954F18-CECF-4907-B4AE-93DF3A394D4D} = {007A868A-B3C5-4F8C-889D-1A2045079A3D}
		{22B7B2B8-FE7A-4F01-8F5D-77F336ADB52D} = {007A868A-B3C5-4F8C-889D-1A2045079A3D}
		{F78E2A2C-CD18-4522-BBB1-DBF6275DEE1C} = {007A868A-B3C5-4F8C-889D-1A2045079A3D}
		{93DDE825-797E-4790-AB61-4E90540B154A} = {22B7B2B8-FE7A-4F01-8F5D-77F336ADB52D}
		{518BCC4A-F9A1-442B-8654-D3D58E7F862C} = {22B7B2B8-FE7A-4F01-8F5D-77F336ADB52D}
		{373DD81D-E5F1-4769-8BAF-C9A0A7698012} = {F78E2A2C-CD18-4522-BBB1-DBF6275DEE1C}
		{8CD84D23-D3F8-4D60-B233-16A6EB6370CD} = {F78E2A2C-CD18-4522-BBB1-DBF6275DEE1C}
		{9EB87804-F134-4DE5-AB2C-FC3932BB12DD} = {20954F18-CECF-4907-B4AE-93DF3A394D4D}
		{FE809204-8F89-4A12-9612-741D95437CB9} = {22B7B2B8-FE7A-4F01-8F5D-77F336ADB52D}
		{B80DE20B-8BFC-438B-BE6E-A5992EF21004} = {3AC6918C-EA55-400B-BCED-F39DB505A456}
		{AF2ECC17-4B58-429F-8BF5-369725B01874} = {3AC6918C-EA55-400B-BCED-F39DB505A456}
	EndGlobalSection
	GlobalSection(ExtensibilityGlobals) = postSolution
		SolutionGuid = {7B2B6373-D46E-4D81-A512-FA1EAFAAAEA1}
	EndGlobalSection
EndGlobal
